
Microsoft Visual Studio Solution File, Format Version 12.00
# Visual Studio Version 16
VisualStudioVersion = 16.0.30717.126
MinimumVisualStudioVersion = 10.0.40219.1
Project("{888888A0-9F3D-457C-B088-3A5042F75D52}") = "PirateAudio", "PirateAudio.pyproj", "{C39750AE-4324-4F78-9366-C14E953C673F}"
EndProject
Global
	GlobalSection(SolutionConfigurationPlatforms) = preSolution
		Debug|Any CPU = Debug|Any CPU
		Release|Any CPU = Release|Any CPU
	EndGlobalSection
	GlobalSection(ProjectConfigurationPlatforms) = postSolution
		{C39750AE-4324-4F78-9366-C14E953C673F}.Debug|Any CPU.ActiveCfg = Debug|Any CPU
		{C39750AE-4324-4F78-9366-C14E953C673F}.Release|Any CPU.ActiveCfg = Release|Any CPU
	EndGlobalSection
	GlobalSection(SolutionProperties) = preSolution
		HideSolutionNode = FALSE
	EndGlobalSection
	GlobalSection(ExtensibilityGlobals) = postSolution
		SolutionGuid = {D36E0678-5D94-4942-9537-E77ED1C89DFC}
	EndGlobalSection
EndGlobal
